
Microsoft Visual Studio Solution File, Format Version 12.00
# Visual Studio 15
Project("{FAE04EC0-301F-11D3-BF4B-00C04F79EFBC}") = "firstWebApi", "firstWebApi\firstWebApi.csproj", "{D472B97A-01B7-4671-866D-2B436D5CAD69}"
EndProject
Project("{FAE04EC0-301F-11D3-BF4B-00C04F79EFBC}") = "firstWebApi.Tests", "firstWebApi.Tests\firstWebApi.Tests.csproj", "{D3E74F2B-FE83-4CD3-9573-4DCD36A698EC}"
EndProject
Global
	GlobalSection(SolutionConfigurationPlatforms) = preSolution
		Debug|Any CPU = Debug|Any CPU
		Release|Any CPU = Release|Any CPU
	EndGlobalSection
	GlobalSection(ProjectConfigurationPlatforms) = postSolution
		{D472B97A-01B7-4671-866D-2B436D5CAD69}.Debug|Any CPU.ActiveCfg = Debug|Any CPU
		{D472B97A-01B7-4671-866D-2B436D5CAD69}.Debug|Any CPU.Build.0 = Debug|Any CPU
		{D472B97A-01B7-4671-866D-2B436D5CAD69}.Release|Any CPU.ActiveCfg = Release|Any CPU
		{D472B97A-01B7-4671-866D-2B436D5CAD69}.Release|Any CPU.Build.0 = Release|Any CPU
		{D3E74F2B-FE83-4CD3-9573-4DCD36A698EC}.Debug|Any CPU.ActiveCfg = Debug|Any CPU
		{D3E74F2B-FE83-4CD3-9573-4DCD36A698EC}.Debug|Any CPU.Build.0 = Debug|Any CPU
		{D3E74F2B-FE83-4CD3-9573-4DCD36A698EC}.Release|Any CPU.ActiveCfg = Release|Any CPU
		{D3E74F2B-FE83-4CD3-9573-4DCD36A698EC}.Release|Any CPU.Build.0 = Release|Any CPU
	EndGlobalSection
EndGlobal
